PODS:
  - Flutter (1.0.0)
  - flutter_nfc_reader (0.0.1):
    - Flutter

DEPENDENCIES:
  - Flutter (from `.symlinks/flutter/ios`)
  - flutter_nfc_reader (from `.symlinks/plugins/flutter_nfc_reader/ios`)

EXTERNAL SOURCES:
  Flutter:
    :path: ".symlinks/flutter/ios"
  flutter_nfc_reader:
    :path: ".symlinks/plugins/flutter_nfc_reader/ios"

SPEC CHECKSUMS:
  Flutter: 9d0fac939486c9aba2809b7982dfdbb47a7b0296
  flutter_nfc_reader: 38c24e592d5674733f1416acdd33af54eeb8c988

PODFILE CHECKSUM: cc1a3dc7bc97d452b8e55862244f2e406504cec3

COCOAPODS: 1.5.3
