PODS:
  - Flutter (1.0.0)
  - flutter_nfc_reader (0.0.1):
    - Flutter
    - VYNFCKit
  - VYNFCKit (0.3.1)

DEPENDENCIES:
  - Flutter (from `.symlinks/flutter/ios`)
  - flutter_nfc_reader (from `.symlinks/plugins/flutter_nfc_reader/ios`)

SPEC REPOS:
  https://github.com/cocoapods/specs.git:
    - VYNFCKit

EXTERNAL SOURCES:
  Flutter:
    :path: ".symlinks/flutter/ios"
  flutter_nfc_reader:
    :path: ".symlinks/plugins/flutter_nfc_reader/ios"

SPEC CHECKSUMS:
  Flutter: 9d0fac939486c9aba2809b7982dfdbb47a7b0296
  flutter_nfc_reader: f5a26f94965bef57bda1c168042d31464083a9fd
  VYNFCKit: 0bedda99e74ddaf9fcd6af2db20c3a5962657b77

PODFILE CHECKSUM: cc1a3dc7bc97d452b8e55862244f2e406504cec3

COCOAPODS: 1.5.3
